
Microsoft Visual Studio Solution File, Format Version 12.00
# Visual Studio Version 17
VisualStudioVersion = 17.11.35312.102
MinimumVisualStudioVersion = 10.0.40219.1
Project("{FAE04EC0-301F-11D3-BF4B-00C04F79EFBC}") = "ReservationWebClub", "ReservationWebClub\ReservationWebClub.csproj", "{676E75B1-D3DB-4530-B26B-F1939C432DFE}"
EndProject
Global
	GlobalSection(SolutionConfigurationPlatforms) = preSolution
		Debug|Any CPU = Debug|Any CPU
		Release|Any CPU = Release|Any CPU
	EndGlobalSection
	GlobalSection(ProjectConfigurationPlatforms) = postSolution
		{676E75B1-D3DB-4530-B26B-F1939C432DFE}.Debug|Any CPU.ActiveCfg = Debug|Any CPU
		{676E75B1-D3DB-4530-B26B-F1939C432DFE}.Debug|Any CPU.Build.0 = Debug|Any CPU
		{676E75B1-D3DB-4530-B26B-F1939C432DFE}.Release|Any CPU.ActiveCfg = Release|Any CPU
		{676E75B1-D3DB-4530-B26B-F1939C432DFE}.Release|Any CPU.Build.0 = Release|Any CPU
	EndGlobalSection
	GlobalSection(SolutionProperties) = preSolution
		HideSolutionNode = FALSE
	EndGlobalSection
	GlobalSection(ExtensibilityGlobals) = postSolution
		SolutionGuid = {F4C4F58C-179A-4B75-A791-AAEACB5CA41D}
	EndGlobalSection
EndGlobal
